// !$*UTF8*$!
{
	archiveVersion = 1;
	classes = {
	};
	objectVersion = 46;
	objects = {

/* Begin PBXBuildFile section */
		37C2AE721569630C00B11649 /* UIKit.framework in Frameworks */ = {isa = PBXBuildFile; fileRef = 37C2AE711569630C00B11649 /* UIKit.framework */; };
		37C2AE741569630C00B11649 /* Foundation.framework in Frameworks */ = {isa = PBXBuildFile; fileRef = 37C2AE731569630C00B11649 /* Foundation.framework */; };
		37C2AE761569630C00B11649 /* CoreGraphics.framework in Frameworks */ = {isa = PBXBuildFile; fileRef = 37C2AE751569630C00B11649 /* CoreGraphics.framework */; };
		37C2AE7C1569630C00B11649 /* InfoPlist.strings in Resources */ = {isa = PBXBuildFile; fileRef = 37C2AE7A1569630C00B11649 /* InfoPlist.strings */; };
		37C2AE7E1569630C00B11649 /* main.m in Sources */ = {isa = PBXBuildFile; fileRef = 37C2AE7D1569630C00B11649 /* main.m */; };
		37C2AE821569630C00B11649 /* AppDelegate.m in Sources */ = {isa = PBXBuildFile; fileRef = 37C2AE811569630C00B11649 /* AppDelegate.m */; };
		37C2AE851569630C00B11649 /* ViewController.m in Sources */ = {isa = PBXBuildFile; fileRef = 37C2AE841569630C00B11649 /* ViewController.m */; };
		37C2AE881569630C00B11649 /* ViewController.xib in Resources */ = {isa = PBXBuildFile; fileRef = 37C2AE861569630C00B11649 /* ViewController.xib */; };
		37C2AE931569CEC500B11649 /* QuartzCore.framework in Frameworks */ = {isa = PBXBuildFile; fileRef = 37C2AE921569CEC500B11649 /* QuartzCore.framework */; };
/* End PBXBuildFile section */

/* Begin PBXFileReference section */
		37C2AE6D1569630C00B11649 /* twister.app */ = {isa = PBXFileReference; explicitFileType = wrapper.application; includeInIndex = 0; path = twister.app; sourceTree = BUILT_PRODUCTS_DIR; };
		37C2AE711569630C00B11649 /* UIKit.framework */ = {isa = PBXFileReference; lastKnownFileType = wrapper.framework; name = UIKit.framework; path = System/Library/Frameworks/UIKit.framework; sourceTree = SDKROOT; };
		37C2AE731569630C00B11649 /* Foundation.framework */ = {isa = PBXFileReference; lastKnownFileType = wrapper.framework; name = Foundation.framework; path = System/Library/Frameworks/Foundation.framework; sourceTree = SDKROOT; };
		37C2AE751569630C00B11649 /* CoreGraphics.framework */ = {isa = PBXFileReference; lastKnownFileType = wrapper.framework; name = CoreGraphics.framework; path = System/Library/Frameworks/CoreGraphics.framework; sourceTree = SDKROOT; };
		37C2AE791569630C00B11649 /* twister-Info.plist */ = {isa = PBXFileReference; lastKnownFileType = text.plist.xml; path = "twister-Info.plist"; sourceTree = "<group>"; };
		37C2AE7B1569630C00B11649 /* en */ = {isa = PBXFileReference; lastKnownFileType = text.plist.strings; name = en; path = en.lproj/InfoPlist.strings; sourceTree = "<group>"; };
		37C2AE7D1569630C00B11649 /* main.m */ = {isa = PBXFileReference; lastKnownFileType = sourcecode.c.objc; path = main.m; sourceTree = "<group>"; };
		37C2AE7F1569630C00B11649 /* twister-Prefix.pch */ = {isa = PBXFileReference; lastKnownFileType = sourcecode.c.h; path = "twister-Prefix.pch"; sourceTree = "<group>"; };
		37C2AE801569630C00B11649 /* AppDelegate.h */ = {isa = PBXFileReference; lastKnownFileType = sourcecode.c.h; path = AppDelegate.h; sourceTree = "<group>"; };
		37C2AE811569630C00B11649 /* AppDelegate.m */ = {isa = PBXFileReference; lastKnownFileType = sourcecode.c.objc; path = AppDelegate.m; sourceTree = "<group>"; };
		37C2AE831569630C00B11649 /* ViewController.h */ = {isa = PBXFileReference; lastKnownFileType = sourcecode.c.h; path = ViewController.h; sourceTree = "<group>"; };
		37C2AE841569630C00B11649 /* ViewController.m */ = {isa = PBXFileReference; lastKnownFileType = sourcecode.c.objc; path = ViewController.m; sourceTree = "<group>"; };
		37C2AE871569630C00B11649 /* en */ = {isa = PBXFileReference; lastKnownFileType = file.xib; name = en; path = en.lproj/ViewController.xib; sourceTree = "<group>"; };
		37C2AE921569CEC500B11649 /* QuartzCore.framework */ = {isa = PBXFileReference; lastKnownFileType = wrapper.framework; name = QuartzCore.framework; path = System/Library/Frameworks/QuartzCore.framework; sourceTree = SDKROOT; };
/* End PBXFileReference section */

/* Begin PBXFrameworksBuildPhase section */
		37C2AE6A1569630C00B11649 /* Frameworks */ = {
			isa = PBXFrameworksBuildPhase;
			buildActionMask = 2147483647;
			files = (
				37C2AE931569CEC500B11649 /* QuartzCore.framework in Frameworks */,
				37C2AE721569630C00B11649 /* UIKit.framework in Frameworks */,
				37C2AE741569630C00B11649 /* Foundation.framework in Frameworks */,
				37C2AE761569630C00B11649 /* CoreGraphics.framework in Frameworks */,
			);
			runOnlyForDeploymentPostprocessing = 0;
		};
/* End PBXFrameworksBuildPhase section */

/* Begin PBXGroup section */
		37C2AE621569630C00B11649 = {
			isa = PBXGroup;
			children = (
				37C2AE921569CEC500B11649 /* QuartzCore.framework */,
				37C2AE771569630C00B11649 /* twister */,
				37C2AE701569630C00B11649 /* Frameworks */,
				37C2AE6E1569630C00B11649 /* Products */,
			);
			sourceTree = "<group>";
		};
		37C2AE6E1569630C00B11649 /* Products */ = {
			isa = PBXGroup;
			children = (
				37C2AE6D1569630C00B11649 /* twister.app */,
			);
			name = Products;
			sourceTree = "<group>";
		};
		37C2AE701569630C00B11649 /* Frameworks */ = {
			isa = PBXGroup;
			children = (
				37C2AE711569630C00B11649 /* UIKit.framework */,
				37C2AE731569630C00B11649 /* Foundation.framework */,
				37C2AE751569630C00B11649 /* CoreGraphics.framework */,
			);
			name = Frameworks;
			sourceTree = "<group>";
		};
		37C2AE771569630C00B11649 /* twister */ = {
			isa = PBXGroup;
			children = (
				37C2AE801569630C00B11649 /* AppDelegate.h */,
				37C2AE811569630C00B11649 /* AppDelegate.m */,
				37C2AE831569630C00B11649 /* ViewController.h */,
				37C2AE841569630C00B11649 /* ViewController.m */,
				37C2AE861569630C00B11649 /* ViewController.xib */,
				37C2AE781569630C00B11649 /* Supporting Files */,
			);
			path = twister;
			sourceTree = "<group>";
		};
		37C2AE781569630C00B11649 /* Supporting Files */ = {
			isa = PBXGroup;
			children = (
				37C2AE791569630C00B11649 /* twister-Info.plist */,
				37C2AE7A1569630C00B11649 /* InfoPlist.strings */,
				37C2AE7D1569630C00B11649 /* main.m */,
				37C2AE7F1569630C00B11649 /* twister-Prefix.pch */,
			);
			name = "Supporting Files";
			sourceTree = "<group>";
		};
/* End PBXGroup section */

/* Begin PBXNativeTarget section */
		37C2AE6C1569630C00B11649 /* twister */ = {
			isa = PBXNativeTarget;
			buildConfigurationList = 37C2AE8B1569630C00B11649 /* Build configuration list for PBXNativeTarget "twister" */;
			buildPhases = (
				37C2AE691569630C00B11649 /* Sources */,
				37C2AE6A1569630C00B11649 /* Frameworks */,
				37C2AE6B1569630C00B11649 /* Resources */,
			);
			buildRules = (
			);
			dependencies = (
			);
			name = twister;
			productName = twister;
			productReference = 37C2AE6D1569630C00B11649 /* twister.app */;
			productType = "com.apple.product-type.application";
		};
/* End PBXNativeTarget section */

/* Begin PBXProject section */
		37C2AE641569630C00B11649 /* Project object */ = {
			isa = PBXProject;
			attributes = {
				LastUpgradeCheck = 0430;
			};
			buildConfigurationList = 37C2AE671569630C00B11649 /* Build configuration list for PBXProject "twister" */;
			compatibilityVersion = "Xcode 3.2";
			developmentRegion = English;
			hasScannedForEncodings = 0;
			knownRegions = (
				en,
			);
			mainGroup = 37C2AE621569630C00B11649;
			productRefGroup = 37C2AE6E1569630C00B11649 /* Products */;
			projectDirPath = "";
			projectRoot = "";
			targets = (
				37C2AE6C1569630C00B11649 /* twister */,
			);
		};
/* End PBXProject section */

/* Begin PBXResourcesBuildPhase section */
		37C2AE6B1569630C00B11649 /* Resources */ = {
			isa = PBXResourcesBuildPhase;
			buildActionMask = 2147483647;
			files = (
				37C2AE7C1569630C00B11649 /* InfoPlist.strings in Resources */,
				37C2AE881569630C00B11649 /* ViewController.xib in Resources */,
			);
			runOnlyForDeploymentPostprocessing = 0;
		};
/* End PBXResourcesBuildPhase section */

/* Begin PBXSourcesBuildPhase section */
		37C2AE691569630C00B11649 /* Sources */ = {
			isa = PBXSourcesBuildPhase;
			buildActionMask = 2147483647;
			files = (
				37C2AE7E1569630C00B11649 /* main.m in Sources */,
				37C2AE821569630C00B11649 /* AppDelegate.m in Sources */,
				37C2AE851569630C00B11649 /* ViewController.m in Sources */,
			);
			runOnlyForDeploymentPostprocessing = 0;
		};
/* End PBXSourcesBuildPhase section */

/* Begin PBXVariantGroup section */
		37C2AE7A1569630C00B11649 /* InfoPlist.strings */ = {
			isa = PBXVariantGroup;
			children = (
				37C2AE7B1569630C00B11649 /* en */,
			);
			name = InfoPlist.strings;
			sourceTree = "<group>";
		};
		37C2AE861569630C00B11649 /* ViewController.xib */ = {
			isa = PBXVariantGroup;
			children = (
				37C2AE871569630C00B11649 /* en */,
			);
			name = ViewController.xib;
			sourceTree = "<group>";
		};
/* End PBXVariantGroup section */

/* Begin XCBuildConfiguration section */
		37C2AE891569630C00B11649 /* Debug */ = {
			isa = XCBuildConfiguration;
			buildSettings = {
				ALWAYS_SEARCH_USER_PATHS = NO;
				ARCHS = "$(ARCHS_STANDARD_32_BIT)";
				CLANG_ENABLE_OBJC_ARC = YES;
				"CODE_SIGN_IDENTITY[sdk=iphoneos*]" = "iPhone Developer";
				COPY_PHASE_STRIP = NO;
				GCC_C_LANGUAGE_STANDARD = gnu99;
				GCC_DYNAMIC_NO_PIC = NO;
				GCC_OPTIMIZATION_LEVEL = 0;
				GCC_PREPROCESSOR_DEFINITIONS = (
					"DEBUG=1",
					"$(inherited)",
				);
				GCC_SYMBOLS_PRIVATE_EXTERN = NO;
				GCC_VERSION = com.apple.compilers.llvm.clang.1_0;
				GCC_WARN_ABOUT_RETURN_TYPE = YES;
				GCC_WARN_UNINITIALIZED_AUTOS = YES;
				GCC_WARN_UNUSED_VARIABLE = YES;
				IPHONEOS_DEPLOYMENT_TARGET = 5.1;
				SDKROOT = iphoneos;
				TARGETED_DEVICE_FAMILY = 2;
			};
			name = Debug;
		};
		37C2AE8A1569630C00B11649 /* Release */ = {
			isa = XCBuildConfiguration;
			buildSettings = {
				ALWAYS_SEARCH_USER_PATHS = NO;
				ARCHS = "$(ARCHS_STANDARD_32_BIT)";
				CLANG_ENABLE_OBJC_ARC = YES;
				"CODE_SIGN_IDENTITY[sdk=iphoneos*]" = "iPhone Developer";
				COPY_PHASE_STRIP = YES;
				GCC_C_LANGUAGE_STANDARD = gnu99;
				GCC_VERSION = com.apple.compilers.llvm.clang.1_0;
				GCC_WARN_ABOUT_RETURN_TYPE = YES;
				GCC_WARN_UNINITIALIZED_AUTOS = YES;
				GCC_WARN_UNUSED_VARIABLE = YES;
				IPHONEOS_DEPLOYMENT_TARGET = 5.1;
				OTHER_CFLAGS = "-DNS_BLOCK_ASSERTIONS=1";
				SDKROOT = iphoneos;
				TARGETED_DEVICE_FAMILY = 2;
				VALIDATE_PRODUCT = YES;
			};
			name = Release;
		};
		37C2AE8C1569630C00B11649 /* Debug */ = {
			isa = XCBuildConfiguration;
			buildSettings = {
				GCC_PRECOMPILE_PREFIX_HEADER = YES;
				GCC_PREFIX_HEADER = "twister/twister-Prefix.pch";
				INFOPLIST_FILE = "twister/twister-Info.plist";
				PRODUCT_NAME = "$(TARGET_NAME)";
				WRAPPER_EXTENSION = app;
			};
			name = Debug;
		};
		37C2AE8D1569630C00B11649 /* Release */ = {
			isa = XCBuildConfiguration;
			buildSettings = {
				GCC_PRECOMPILE_PREFIX_HEADER = YES;
				GCC_PREFIX_HEADER = "twister/twister-Prefix.pch";
				INFOPLIST_FILE = "twister/twister-Info.plist";
				PRODUCT_NAME = "$(TARGET_NAME)";
				WRAPPER_EXTENSION = app;
			};
			name = Release;
		};
/* End XCBuildConfiguration section */

/* Begin XCConfigurationList section */
		37C2AE671569630C00B11649 /* Build configuration list for PBXProject "twister" */ = {
			isa = XCConfigurationList;
			buildConfigurations = (
				37C2AE891569630C00B11649 /* Debug */,
				37C2AE8A1569630C00B11649 /* Release */,
			);
			defaultConfigurationIsVisible = 0;
			defaultConfigurationName = Release;
		};
		37C2AE8B1569630C00B11649 /* Build configuration list for PBXNativeTarget "twister" */ = {
			isa = XCConfigurationList;
			buildConfigurations = (
				37C2AE8C1569630C00B11649 /* Debug */,
				37C2AE8D1569630C00B11649 /* Release */,
			);
			defaultConfigurationIsVisible = 0;
		};
/* End XCConfigurationList section */
	};
	rootObject = 37C2AE641569630C00B11649 /* Project object */;
}
